unit: heritage/halfling/hillock
in: heritage/halfling
group: "_{Core Rulebook}"
name: "_{Hillock Halfling}"

inc:
  - set: heritage
    value: "_{Hillock Halfling}"

  - at: '@heritage'
    replace:
      - article:
        title: "_{Hillock Halfling}"
        contents:
          - p: "_{Add your level to hit points healed overnight.}"
          - p: "_{When somebody uses Medicine to treat your wounds, eat a snack to add your level to the hit points healed.}"
