unit: feat/fighter/quick-shield-block
name: "_{Quick Shield Block}"
group: "_{Advanced Player's Guide}"

inc:
  - copy: feat/fighter/quick-shield-block
    contents:
      - article:
        title: "_{Quick Shield Block}"
        cat: "_{Feat}"
        contents:
          - p: "_{At the start of your turn, gain a free reaction that can only be used to Raise Shield.}"
